PODS:
  - Nimble (7.0.3)
  - Quick (1.2.0)
  - WPAPI (0.4.5)

DEPENDENCIES:
  - Nimble (~> 7.0.2)
  - Quick (~> 1.2.0)
  - WPAPI (from `../`)

EXTERNAL SOURCES:
  WPAPI:
    :path: ../

SPEC CHECKSUMS:
  Nimble: 7f5a9c447a33002645a071bddafbfb24ea70e0ac
  Quick: 58d203b1c5e27fff7229c4c1ae445ad7069a7a08
  WPAPI: 39992ed8d50be27fddea97973a84e12d50607843

PODFILE CHECKSUM: 9f3e1821647538131f43df11187b6dfb0237d120

COCOAPODS: 1.4.0
